
Microsoft Visual Studio Solution File, Format Version 12.00
# Visual Studio Version 17
VisualStudioVersion = 17.14.36511.14 d17.14
MinimumVisualStudioVersion = 10.0.40219.1
Project("{FAE04EC0-301F-11D3-BF4B-00C04F79EFBC}") = "TelegramBot", "TelegramBot\TelegramBot.csproj", "{3BC96530-2AF8-4A95-AFDF-82EB295B6612}"
EndProject
Global
	GlobalSection(SolutionConfigurationPlatforms) = preSolution
		Debug|Any CPU = Debug|Any CPU
		Release|Any CPU = Release|Any CPU
	EndGlobalSection
	GlobalSection(ProjectConfigurationPlatforms) = postSolution
		{3BC96530-2AF8-4A95-AFDF-82EB295B6612}.Debug|Any CPU.ActiveCfg = Debug|Any CPU
		{3BC96530-2AF8-4A95-AFDF-82EB295B6612}.Debug|Any CPU.Build.0 = Debug|Any CPU
		{3BC96530-2AF8-4A95-AFDF-82EB295B6612}.Release|Any CPU.ActiveCfg = Release|Any CPU
		{3BC96530-2AF8-4A95-AFDF-82EB295B6612}.Release|Any CPU.Build.0 = Release|Any CPU
	EndGlobalSection
	GlobalSection(SolutionProperties) = preSolution
		HideSolutionNode = FALSE
	EndGlobalSection
	GlobalSection(ExtensibilityGlobals) = postSolution
		SolutionGuid = {14744A05-77BF-4065-B4C0-D32E39F987C5}
	EndGlobalSection
EndGlobal
